
Microsoft Visual Studio Solution File, Format Version 12.00
# Visual Studio Version 16
VisualStudioVersion = 16.0.29503.13
MinimumVisualStudioVersion = 10.0.40219.1
Project("{8BC9CEB8-8B4A-11D0-8D11-00A0C91BC942}") = "Rete", "Rete.vcxproj", "{5AFB40E3-173A-4B84-A810-559BFF44A691}"
EndProject
Global
	GlobalSection(SolutionConfigurationPlatforms) = preSolution
		Debug|x64 = Debug|x64
		Debug|x86 = Debug|x86
		Release|x64 = Release|x64
		Release|x86 = Release|x86
	EndGlobalSection
	GlobalSection(ProjectConfigurationPlatforms) = postSolution
		{5AFB40E3-173A-4B84-A810-559BFF44A691}.Debug|x64.ActiveCfg = Debug|x64
		{5AFB40E3-173A-4B84-A810-559BFF44A691}.Debug|x64.Build.0 = Debug|x64
		{5AFB40E3-173A-4B84-A810-559BFF44A691}.Debug|x86.ActiveCfg = Debug|Win32
		{5AFB40E3-173A-4B84-A810-559BFF44A691}.Debug|x86.Build.0 = Debug|Win32
		{5AFB40E3-173A-4B84-A810-559BFF44A691}.Release|x64.ActiveCfg = Release|x64
		{5AFB40E3-173A-4B84-A810-559BFF44A691}.Release|x64.Build.0 = Release|x64
		{5AFB40E3-173A-4B84-A810-559BFF44A691}.Release|x86.ActiveCfg = Release|Win32
		{5AFB40E3-173A-4B84-A810-559BFF44A691}.Release|x86.Build.0 = Release|Win32
	EndGlobalSection
	GlobalSection(SolutionProperties) = preSolution
		HideSolutionNode = FALSE
	EndGlobalSection
	GlobalSection(ExtensibilityGlobals) = postSolution
		SolutionGuid = {23CE6D41-0252-4631-8FF2-40B54414B575}
	EndGlobalSection
EndGlobal
